
Microsoft Visual Studio Solution File, Format Version 12.00
# Visual Studio Version 16
VisualStudioVersion = 16.0.29905.134
MinimumVisualStudioVersion = 10.0.40219.1
Project("{9A19103F-16F7-4668-BE54-9A1E7A4F7556}") = "PDFCreator", "..\PDFCreater\PDFCreator\PDFCreator.csproj", "{25032464-710F-48DA-9A3C-8205723FF41D}"
EndProject
Project("{9A19103F-16F7-4668-BE54-9A1E7A4F7556}") = "PDfConsole", "..\PDFConsole\PDfConsole\PDfConsole.csproj", "{8F85CE08-0CD3-435F-8AC4-DF3A4780E21D}"
EndProject
Project("{FAE04EC0-301F-11D3-BF4B-00C04F79EFBC}") = "PdfDesigner", "PdfDesigner\PdfDesigner.csproj", "{72ED459B-4777-4B87-B7FD-D4AB6DD2AC2F}"
EndProject
Project("{9A19103F-16F7-4668-BE54-9A1E7A4F7556}") = "PDFDesignerCore", "PDFDesignerCore\PDFDesignerCore.csproj", "{C907DEB4-4CBE-461A-9B82-D627F37CB088}"
EndProject
Project("{C7167F0D-BC9F-4E6E-AFE1-012C56B48DB5}") = "PDfDesignerPackage", "PDfDesignerPackage\PDfDesignerPackage.wapproj", "{7736C1B4-6883-44E7-A61C-09A0A74E5E48}"
EndProject
Project("{9A19103F-16F7-4668-BE54-9A1E7A4F7556}") = "WebReport", "..\..\..\..\Downloads\WebReport\WebReport\WebReport.csproj", "{3EF1EE3D-2905-4B30-B758-CEA5E4E7921C}"
EndProject
Global
	GlobalSection(SolutionConfigurationPlatforms) = preSolution
		Debug|Any CPU = Debug|Any CPU
		Debug|ARM = Debug|ARM
		Debug|ARM64 = Debug|ARM64
		Debug|x64 = Debug|x64
		Debug|x86 = Debug|x86
		Release|Any CPU = Release|Any CPU
		Release|ARM = Release|ARM
		Release|ARM64 = Release|ARM64
		Release|x64 = Release|x64
		Release|x86 = Release|x86
	EndGlobalSection
	GlobalSection(ProjectConfigurationPlatforms) = postSolution
		{25032464-710F-48DA-9A3C-8205723FF41D}.Debug|Any CPU.ActiveCfg = Debug|Any CPU
		{25032464-710F-48DA-9A3C-8205723FF41D}.Debug|Any CPU.Build.0 = Debug|Any CPU
		{25032464-710F-48DA-9A3C-8205723FF41D}.Debug|ARM.ActiveCfg = Debug|Any CPU
		{25032464-710F-48DA-9A3C-8205723FF41D}.Debug|ARM.Build.0 = Debug|Any CPU
		{25032464-710F-48DA-9A3C-8205723FF41D}.Debug|ARM64.ActiveCfg = Debug|Any CPU
		{25032464-710F-48DA-9A3C-8205723FF41D}.Debug|ARM64.Build.0 = Debug|Any CPU
		{25032464-710F-48DA-9A3C-8205723FF41D}.Debug|x64.ActiveCfg = Debug|Any CPU
		{25032464-710F-48DA-9A3C-8205723FF41D}.Debug|x64.Build.0 = Debug|Any CPU
		{25032464-710F-48DA-9A3C-8205723FF41D}.Debug|x86.ActiveCfg = Debug|Any CPU
		{25032464-710F-48DA-9A3C-8205723FF41D}.Debug|x86.Build.0 = Debug|Any CPU
		{25032464-710F-48DA-9A3C-8205723FF41D}.Release|Any CPU.ActiveCfg = Release|Any CPU
		{25032464-710F-48DA-9A3C-8205723FF41D}.Release|Any CPU.Build.0 = Release|Any CPU
		{25032464-710F-48DA-9A3C-8205723FF41D}.Release|ARM.ActiveCfg = Release|Any CPU
		{25032464-710F-48DA-9A3C-8205723FF41D}.Release|ARM.Build.0 = Release|Any CPU
		{25032464-710F-48DA-9A3C-8205723FF41D}.Release|ARM64.ActiveCfg = Release|Any CPU
		{25032464-710F-48DA-9A3C-8205723FF41D}.Release|ARM64.Build.0 = Release|Any CPU
		{25032464-710F-48DA-9A3C-8205723FF41D}.Release|x64.ActiveCfg = Release|Any CPU
		{25032464-710F-48DA-9A3C-8205723FF41D}.Release|x64.Build.0 = Release|Any CPU
		{25032464-710F-48DA-9A3C-8205723FF41D}.Release|x86.ActiveCfg = Release|Any CPU
		{25032464-710F-48DA-9A3C-8205723FF41D}.Release|x86.Build.0 = Release|Any CPU
		{8F85CE08-0CD3-435F-8AC4-DF3A4780E21D}.Debug|Any CPU.ActiveCfg = Debug|Any CPU
		{8F85CE08-0CD3-435F-8AC4-DF3A4780E21D}.Debug|Any CPU.Build.0 = Debug|Any CPU
		{8F85CE08-0CD3-435F-8AC4-DF3A4780E21D}.Debug|ARM.ActiveCfg = Debug|Any CPU
		{8F85CE08-0CD3-435F-8AC4-DF3A4780E21D}.Debug|ARM.Build.0 = Debug|Any CPU
		{8F85CE08-0CD3-435F-8AC4-DF3A4780E21D}.Debug|ARM64.ActiveCfg = Debug|Any CPU
		{8F85CE08-0CD3-435F-8AC4-DF3A4780E21D}.Debug|ARM64.Build.0 = Debug|Any CPU
		{8F85CE08-0CD3-435F-8AC4-DF3A4780E21D}.Debug|x64.ActiveCfg = Debug|Any CPU
		{8F85CE08-0CD3-435F-8AC4-DF3A4780E21D}.Debug|x64.Build.0 = Debug|Any CPU
		{8F85CE08-0CD3-435F-8AC4-DF3A4780E21D}.Debug|x86.ActiveCfg = Debug|Any CPU
		{8F85CE08-0CD3-435F-8AC4-DF3A4780E21D}.Debug|x86.Build.0 = Debug|Any CPU
		{8F85CE08-0CD3-435F-8AC4-DF3A4780E21D}.Release|Any CPU.ActiveCfg = Release|Any CPU
		{8F85CE08-0CD3-435F-8AC4-DF3A4780E21D}.Release|Any CPU.Build.0 = Release|Any CPU
		{8F85CE08-0CD3-435F-8AC4-DF3A4780E21D}.Release|ARM.ActiveCfg = Release|Any CPU
		{8F85CE08-0CD3-435F-8AC4-DF3A4780E21D}.Release|ARM.Build.0 = Release|Any CPU
		{8F85CE08-0CD3-435F-8AC4-DF3A4780E21D}.Release|ARM64.ActiveCfg = Release|Any CPU
		{8F85CE08-0CD3-435F-8AC4-DF3A4780E21D}.Release|ARM64.Build.0 = Release|Any CPU
		{8F85CE08-0CD3-435F-8AC4-DF3A4780E21D}.Release|x64.ActiveCfg = Release|Any CPU
		{8F85CE08-0CD3-435F-8AC4-DF3A4780E21D}.Release|x64.Build.0 = Release|Any CPU
		{8F85CE08-0CD3-435F-8AC4-DF3A4780E21D}.Release|x86.ActiveCfg = Release|Any CPU
		{8F85CE08-0CD3-435F-8AC4-DF3A4780E21D}.Release|x86.Build.0 = Release|Any CPU
		{72ED459B-4777-4B87-B7FD-D4AB6DD2AC2F}.Debug|Any CPU.ActiveCfg = Debug|Any CPU
		{72ED459B-4777-4B87-B7FD-D4AB6DD2AC2F}.Debug|Any CPU.Build.0 = Debug|Any CPU
		{72ED459B-4777-4B87-B7FD-D4AB6DD2AC2F}.Debug|ARM.ActiveCfg = Debug|Any CPU
		{72ED459B-4777-4B87-B7FD-D4AB6DD2AC2F}.Debug|ARM.Build.0 = Debug|Any CPU
		{72ED459B-4777-4B87-B7FD-D4AB6DD2AC2F}.Debug|ARM64.ActiveCfg = Debug|Any CPU
		{72ED459B-4777-4B87-B7FD-D4AB6DD2AC2F}.Debug|ARM64.Build.0 = Debug|Any CPU
		{72ED459B-4777-4B87-B7FD-D4AB6DD2AC2F}.Debug|x64.ActiveCfg = Debug|Any CPU
		{72ED459B-4777-4B87-B7FD-D4AB6DD2AC2F}.Debug|x64.Build.0 = Debug|Any CPU
		{72ED459B-4777-4B87-B7FD-D4AB6DD2AC2F}.Debug|x86.ActiveCfg = Debug|Any CPU
		{72ED459B-4777-4B87-B7FD-D4AB6DD2AC2F}.Debug|x86.Build.0 = Debug|Any CPU
		{72ED459B-4777-4B87-B7FD-D4AB6DD2AC2F}.Release|Any CPU.ActiveCfg = Release|Any CPU
		{72ED459B-4777-4B87-B7FD-D4AB6DD2AC2F}.Release|Any CPU.Build.0 = Release|Any CPU
		{72ED459B-4777-4B87-B7FD-D4AB6DD2AC2F}.Release|ARM.ActiveCfg = Release|Any CPU
		{72ED459B-4777-4B87-B7FD-D4AB6DD2AC2F}.Release|ARM.Build.0 = Release|Any CPU
		{72ED459B-4777-4B87-B7FD-D4AB6DD2AC2F}.Release|ARM64.ActiveCfg = Release|Any CPU
		{72ED459B-4777-4B87-B7FD-D4AB6DD2AC2F}.Release|ARM64.Build.0 = Release|Any CPU
		{72ED459B-4777-4B87-B7FD-D4AB6DD2AC2F}.Release|x64.ActiveCfg = Release|Any CPU
		{72ED459B-4777-4B87-B7FD-D4AB6DD2AC2F}.Release|x64.Build.0 = Release|Any CPU
		{72ED459B-4777-4B87-B7FD-D4AB6DD2AC2F}.Release|x86.ActiveCfg = Release|Any CPU
		{72ED459B-4777-4B87-B7FD-D4AB6DD2AC2F}.Release|x86.Build.0 = Release|Any CPU
		{C907DEB4-4CBE-461A-9B82-D627F37CB088}.Debug|Any CPU.ActiveCfg = Debug|Any CPU
		{C907DEB4-4CBE-461A-9B82-D627F37CB088}.Debug|Any CPU.Build.0 = Debug|Any CPU
		{C907DEB4-4CBE-461A-9B82-D627F37CB088}.Debug|ARM.ActiveCfg = Debug|Any CPU
		{C907DEB4-4CBE-461A-9B82-D627F37CB088}.Debug|ARM.Build.0 = Debug|Any CPU
		{C907DEB4-4CBE-461A-9B82-D627F37CB088}.Debug|ARM64.ActiveCfg = Debug|Any CPU
		{C907DEB4-4CBE-461A-9B82-D627F37CB088}.Debug|ARM64.Build.0 = Debug|Any CPU
		{C907DEB4-4CBE-461A-9B82-D627F37CB088}.Debug|x64.ActiveCfg = Debug|Any CPU
		{C907DEB4-4CBE-461A-9B82-D627F37CB088}.Debug|x64.Build.0 = Debug|Any CPU
		{C907DEB4-4CBE-461A-9B82-D627F37CB088}.Debug|x86.ActiveCfg = Debug|Any CPU
		{C907DEB4-4CBE-461A-9B82-D627F37CB088}.Debug|x86.Build.0 = Debug|Any CPU
		{C907DEB4-4CBE-461A-9B82-D627F37CB088}.Release|Any CPU.ActiveCfg = Release|Any CPU
		{C907DEB4-4CBE-461A-9B82-D627F37CB088}.Release|Any CPU.Build.0 = Release|Any CPU
		{C907DEB4-4CBE-461A-9B82-D627F37CB088}.Release|ARM.ActiveCfg = Release|Any CPU
		{C907DEB4-4CBE-461A-9B82-D627F37CB088}.Release|ARM.Build.0 = Release|Any CPU
		{C907DEB4-4CBE-461A-9B82-D627F37CB088}.Release|ARM64.ActiveCfg = Release|Any CPU
		{C907DEB4-4CBE-461A-9B82-D627F37CB088}.Release|ARM64.Build.0 = Release|Any CPU
		{C907DEB4-4CBE-461A-9B82-D627F37CB088}.Release|x64.ActiveCfg = Release|Any CPU
		{C907DEB4-4CBE-461A-9B82-D627F37CB088}.Release|x64.Build.0 = Release|Any CPU
		{C907DEB4-4CBE-461A-9B82-D627F37CB088}.Release|x86.ActiveCfg = Release|Any CPU
		{C907DEB4-4CBE-461A-9B82-D627F37CB088}.Release|x86.Build.0 = Release|Any CPU
		{7736C1B4-6883-44E7-A61C-09A0A74E5E48}.Debug|Any CPU.ActiveCfg = Debug|Any CPU
		{7736C1B4-6883-44E7-A61C-09A0A74E5E48}.Debug|Any CPU.Build.0 = Debug|Any CPU
		{7736C1B4-6883-44E7-A61C-09A0A74E5E48}.Debug|Any CPU.Deploy.0 = Debug|Any CPU
		{7736C1B4-6883-44E7-A61C-09A0A74E5E48}.Debug|ARM.ActiveCfg = Debug|ARM
		{7736C1B4-6883-44E7-A61C-09A0A74E5E48}.Debug|ARM.Build.0 = Debug|ARM
		{7736C1B4-6883-44E7-A61C-09A0A74E5E48}.Debug|ARM.Deploy.0 = Debug|ARM
		{7736C1B4-6883-44E7-A61C-09A0A74E5E48}.Debug|ARM64.ActiveCfg = Debug|ARM64
		{7736C1B4-6883-44E7-A61C-09A0A74E5E48}.Debug|ARM64.Build.0 = Debug|ARM64
		{7736C1B4-6883-44E7-A61C-09A0A74E5E48}.Debug|ARM64.Deploy.0 = Debug|ARM64
		{7736C1B4-6883-44E7-A61C-09A0A74E5E48}.Debug|x64.ActiveCfg = Debug|x64
		{7736C1B4-6883-44E7-A61C-09A0A74E5E48}.Debug|x64.Build.0 = Debug|x64
		{7736C1B4-6883-44E7-A61C-09A0A74E5E48}.Debug|x64.Deploy.0 = Debug|x64
		{7736C1B4-6883-44E7-A61C-09A0A74E5E48}.Debug|x86.ActiveCfg = Debug|x86
		{7736C1B4-6883-44E7-A61C-09A0A74E5E48}.Debug|x86.Build.0 = Debug|x86
		{7736C1B4-6883-44E7-A61C-09A0A74E5E48}.Debug|x86.Deploy.0 = Debug|x86
		{7736C1B4-6883-44E7-A61C-09A0A74E5E48}.Release|Any CPU.ActiveCfg = Release|Any CPU
		{7736C1B4-6883-44E7-A61C-09A0A74E5E48}.Release|Any CPU.Build.0 = Release|Any CPU
		{7736C1B4-6883-44E7-A61C-09A0A74E5E48}.Release|Any CPU.Deploy.0 = Release|Any CPU
		{7736C1B4-6883-44E7-A61C-09A0A74E5E48}.Release|ARM.ActiveCfg = Release|ARM
		{7736C1B4-6883-44E7-A61C-09A0A74E5E48}.Release|ARM.Build.0 = Release|ARM
		{7736C1B4-6883-44E7-A61C-09A0A74E5E48}.Release|ARM.Deploy.0 = Release|ARM
		{7736C1B4-6883-44E7-A61C-09A0A74E5E48}.Release|ARM64.ActiveCfg = Release|ARM64
		{7736C1B4-6883-44E7-A61C-09A0A74E5E48}.Release|ARM64.Build.0 = Release|ARM64
		{7736C1B4-6883-44E7-A61C-09A0A74E5E48}.Release|ARM64.Deploy.0 = Release|ARM64
		{7736C1B4-6883-44E7-A61C-09A0A74E5E48}.Release|x64.ActiveCfg = Release|x64
		{7736C1B4-6883-44E7-A61C-09A0A74E5E48}.Release|x64.Build.0 = Release|x64
		{7736C1B4-6883-44E7-A61C-09A0A74E5E48}.Release|x64.Deploy.0 = Release|x64
		{7736C1B4-6883-44E7-A61C-09A0A74E5E48}.Release|x86.ActiveCfg = Release|x86
		{7736C1B4-6883-44E7-A61C-09A0A74E5E48}.Release|x86.Build.0 = Release|x86
		{7736C1B4-6883-44E7-A61C-09A0A74E5E48}.Release|x86.Deploy.0 = Release|x86
		{3EF1EE3D-2905-4B30-B758-CEA5E4E7921C}.Debug|Any CPU.ActiveCfg = Debug|Any CPU
		{3EF1EE3D-2905-4B30-B758-CEA5E4E7921C}.Debug|Any CPU.Build.0 = Debug|Any CPU
		{3EF1EE3D-2905-4B30-B758-CEA5E4E7921C}.Debug|ARM.ActiveCfg = Debug|Any CPU
		{3EF1EE3D-2905-4B30-B758-CEA5E4E7921C}.Debug|ARM.Build.0 = Debug|Any CPU
		{3EF1EE3D-2905-4B30-B758-CEA5E4E7921C}.Debug|ARM64.ActiveCfg = Debug|Any CPU
		{3EF1EE3D-2905-4B30-B758-CEA5E4E7921C}.Debug|ARM64.Build.0 = Debug|Any CPU
		{3EF1EE3D-2905-4B30-B758-CEA5E4E7921C}.Debug|x64.ActiveCfg = Debug|Any CPU
		{3EF1EE3D-2905-4B30-B758-CEA5E4E7921C}.Debug|x64.Build.0 = Debug|Any CPU
		{3EF1EE3D-2905-4B30-B758-CEA5E4E7921C}.Debug|x86.ActiveCfg = Debug|Any CPU
		{3EF1EE3D-2905-4B30-B758-CEA5E4E7921C}.Debug|x86.Build.0 = Debug|Any CPU
		{3EF1EE3D-2905-4B30-B758-CEA5E4E7921C}.Release|Any CPU.ActiveCfg = Release|Any CPU
		{3EF1EE3D-2905-4B30-B758-CEA5E4E7921C}.Release|Any CPU.Build.0 = Release|Any CPU
		{3EF1EE3D-2905-4B30-B758-CEA5E4E7921C}.Release|ARM.ActiveCfg = Release|Any CPU
		{3EF1EE3D-2905-4B30-B758-CEA5E4E7921C}.Release|ARM.Build.0 = Release|Any CPU
		{3EF1EE3D-2905-4B30-B758-CEA5E4E7921C}.Release|ARM64.ActiveCfg = Release|Any CPU
		{3EF1EE3D-2905-4B30-B758-CEA5E4E7921C}.Release|ARM64.Build.0 = Release|Any CPU
		{3EF1EE3D-2905-4B30-B758-CEA5E4E7921C}.Release|x64.ActiveCfg = Release|Any CPU
		{3EF1EE3D-2905-4B30-B758-CEA5E4E7921C}.Release|x64.Build.0 = Release|Any CPU
		{3EF1EE3D-2905-4B30-B758-CEA5E4E7921C}.Release|x86.ActiveCfg = Release|Any CPU
		{3EF1EE3D-2905-4B30-B758-CEA5E4E7921C}.Release|x86.Build.0 = Release|Any CPU
	EndGlobalSection
	GlobalSection(SolutionProperties) = preSolution
		HideSolutionNode = FALSE
	EndGlobalSection
	GlobalSection(ExtensibilityGlobals) = postSolution
		SolutionGuid = {B8AB5E3E-D0CD-4F2F-8EA4-12F813D634E1}
	EndGlobalSection
EndGlobal
